
Microsoft Visual Studio Solution File, Format Version 12.00
Project("{FAE04EC0-301F-11D3-BF4B-00C04F79EFBC}") = "Dictator", "Dictator\Dictator.csproj", "{55EDA974-E1A8-4985-B047-7CDC0F5312F1}"
EndProject
Project("{FAE04EC0-301F-11D3-BF4B-00C04F79EFBC}") = "UnitTests", "UnitTests\UnitTests.csproj", "{2C25F6BB-B2C9-4CAF-802E-F46CADB68763}"
EndProject
Global
	GlobalSection(SolutionConfigurationPlatforms) = preSolution
		Debug|Any CPU = Debug|Any CPU
		Release|Any CPU = Release|Any CPU
	EndGlobalSection
	GlobalSection(ProjectConfigurationPlatforms) = postSolution
		{55EDA974-E1A8-4985-B047-7CDC0F5312F1}.Debug|Any CPU.ActiveCfg = Debug|Any CPU
		{55EDA974-E1A8-4985-B047-7CDC0F5312F1}.Debug|Any CPU.Build.0 = Debug|Any CPU
		{55EDA974-E1A8-4985-B047-7CDC0F5312F1}.Release|Any CPU.ActiveCfg = Release|Any CPU
		{55EDA974-E1A8-4985-B047-7CDC0F5312F1}.Release|Any CPU.Build.0 = Release|Any CPU
		{2C25F6BB-B2C9-4CAF-802E-F46CADB68763}.Debug|Any CPU.ActiveCfg = Debug|Any CPU
		{2C25F6BB-B2C9-4CAF-802E-F46CADB68763}.Debug|Any CPU.Build.0 = Debug|Any CPU
		{2C25F6BB-B2C9-4CAF-802E-F46CADB68763}.Release|Any CPU.ActiveCfg = Release|Any CPU
		{2C25F6BB-B2C9-4CAF-802E-F46CADB68763}.Release|Any CPU.Build.0 = Release|Any CPU
	EndGlobalSection
EndGlobal
